
Microsoft Visual Studio Solution File, Format Version 12.00
# Visual Studio Version 17
VisualStudioVersion = 17.10.35013.160
MinimumVisualStudioVersion = 10.0.40219.1
Project("{FAE04EC0-301F-11D3-BF4B-00C04F79EFBC}") = "EvenOdd", "EvenOdd.csproj", "{5B0774F9-B357-4457-BF4B-A97114FD1949}"
EndProject
Global
	GlobalSection(SolutionConfigurationPlatforms) = preSolution
		Debug|Any CPU = Debug|Any CPU
		Release|Any CPU = Release|Any CPU
	EndGlobalSection
	GlobalSection(ProjectConfigurationPlatforms) = postSolution
		{5B0774F9-B357-4457-BF4B-A97114FD1949}.Debug|Any CPU.ActiveCfg = Debug|Any CPU
		{5B0774F9-B357-4457-BF4B-A97114FD1949}.Debug|Any CPU.Build.0 = Debug|Any CPU
		{5B0774F9-B357-4457-BF4B-A97114FD1949}.Release|Any CPU.ActiveCfg = Release|Any CPU
		{5B0774F9-B357-4457-BF4B-A97114FD1949}.Release|Any CPU.Build.0 = Release|Any CPU
	EndGlobalSection
	GlobalSection(SolutionProperties) = preSolution
		HideSolutionNode = FALSE
	EndGlobalSection
	GlobalSection(ExtensibilityGlobals) = postSolution
		SolutionGuid = {4DB7AEE4-CF9A-411D-B121-53D97D5BE1AA}
	EndGlobalSection
EndGlobal
