
Microsoft Visual Studio Solution File, Format Version 12.00
# Visual Studio Version 17
VisualStudioVersion = 17.7.34031.279
MinimumVisualStudioVersion = 10.0.40219.1
Project("{9A19103F-16F7-4668-BE54-9A1E7A4F7556}") = "PrimeiroProjeto", "primeiroProjeto\PrimeiroProjeto.csproj", "{83B1D396-68B2-4421-9B45-0A197BD02355}"
EndProject
Global
	GlobalSection(SolutionConfigurationPlatforms) = preSolution
		Debug|Any CPU = Debug|Any CPU
		Release|Any CPU = Release|Any CPU
	EndGlobalSection
	GlobalSection(ProjectConfigurationPlatforms) = postSolution
		{83B1D396-68B2-4421-9B45-0A197BD02355}.Debug|Any CPU.ActiveCfg = Debug|Any CPU
		{83B1D396-68B2-4421-9B45-0A197BD02355}.Debug|Any CPU.Build.0 = Debug|Any CPU
		{83B1D396-68B2-4421-9B45-0A197BD02355}.Release|Any CPU.ActiveCfg = Release|Any CPU
		{83B1D396-68B2-4421-9B45-0A197BD02355}.Release|Any CPU.Build.0 = Release|Any CPU
	EndGlobalSection
	GlobalSection(SolutionProperties) = preSolution
		HideSolutionNode = FALSE
	EndGlobalSection
	GlobalSection(ExtensibilityGlobals) = postSolution
		SolutionGuid = {72CA88C1-A287-4E33-99CC-39E69E7CADF7}
	EndGlobalSection
EndGlobal
