
Microsoft Visual Studio Solution File, Format Version 12.00
# Visual Studio Version 17
VisualStudioVersion = 17.10.35013.160
MinimumVisualStudioVersion = 10.0.40219.1
Project("{FAE04EC0-301F-11D3-BF4B-00C04F79EFBC}") = "Exercise1Pt2", "Exercise1Pt2.csproj", "{33C72A3A-8700-4EE5-8E91-860743762E4D}"
EndProject
Global
	GlobalSection(SolutionConfigurationPlatforms) = preSolution
		Debug|Any CPU = Debug|Any CPU
		Release|Any CPU = Release|Any CPU
	EndGlobalSection
	GlobalSection(ProjectConfigurationPlatforms) = postSolution
		{33C72A3A-8700-4EE5-8E91-860743762E4D}.Debug|Any CPU.ActiveCfg = Debug|Any CPU
		{33C72A3A-8700-4EE5-8E91-860743762E4D}.Debug|Any CPU.Build.0 = Debug|Any CPU
		{33C72A3A-8700-4EE5-8E91-860743762E4D}.Release|Any CPU.ActiveCfg = Release|Any CPU
		{33C72A3A-8700-4EE5-8E91-860743762E4D}.Release|Any CPU.Build.0 = Release|Any CPU
	EndGlobalSection
	GlobalSection(SolutionProperties) = preSolution
		HideSolutionNode = FALSE
	EndGlobalSection
	GlobalSection(ExtensibilityGlobals) = postSolution
		SolutionGuid = {23CCA428-33C2-447C-95B0-82EB48FB6AFD}
	EndGlobalSection
EndGlobal
