
Microsoft Visual Studio Solution File, Format Version 12.00
# Visual Studio Version 17
VisualStudioVersion = 17.10.35013.160
MinimumVisualStudioVersion = 10.0.40219.1
Project("{FAE04EC0-301F-11D3-BF4B-00C04F79EFBC}") = "Aluguel", "Aluguel.csproj", "{F3555860-099B-4AE5-9165-9AECB83535B9}"
EndProject
Global
	GlobalSection(SolutionConfigurationPlatforms) = preSolution
		Debug|Any CPU = Debug|Any CPU
		Release|Any CPU = Release|Any CPU
	EndGlobalSection
	GlobalSection(ProjectConfigurationPlatforms) = postSolution
		{F3555860-099B-4AE5-9165-9AECB83535B9}.Debug|Any CPU.ActiveCfg = Debug|Any CPU
		{F3555860-099B-4AE5-9165-9AECB83535B9}.Debug|Any CPU.Build.0 = Debug|Any CPU
		{F3555860-099B-4AE5-9165-9AECB83535B9}.Release|Any CPU.ActiveCfg = Release|Any CPU
		{F3555860-099B-4AE5-9165-9AECB83535B9}.Release|Any CPU.Build.0 = Release|Any CPU
	EndGlobalSection
	GlobalSection(SolutionProperties) = preSolution
		HideSolutionNode = FALSE
	EndGlobalSection
	GlobalSection(ExtensibilityGlobals) = postSolution
		SolutionGuid = {1BD0E03C-6946-427E-B788-7E106AB4CC80}
	EndGlobalSection
EndGlobal
