
Microsoft Visual Studio Solution File, Format Version 12.00
# Visual Studio Version 17
VisualStudioVersion = 17.10.35013.160
MinimumVisualStudioVersion = 10.0.40219.1
Project("{FAE04EC0-301F-11D3-BF4B-00C04F79EFBC}") = "AreaTriangulo", "AreaTriangulo.csproj", "{BE64C41A-04AE-4C10-BEF2-5D10DAE51AF0}"
EndProject
Global
	GlobalSection(SolutionConfigurationPlatforms) = preSolution
		Debug|Any CPU = Debug|Any CPU
		Release|Any CPU = Release|Any CPU
	EndGlobalSection
	GlobalSection(ProjectConfigurationPlatforms) = postSolution
		{BE64C41A-04AE-4C10-BEF2-5D10DAE51AF0}.Debug|Any CPU.ActiveCfg = Debug|Any CPU
		{BE64C41A-04AE-4C10-BEF2-5D10DAE51AF0}.Debug|Any CPU.Build.0 = Debug|Any CPU
		{BE64C41A-04AE-4C10-BEF2-5D10DAE51AF0}.Release|Any CPU.ActiveCfg = Release|Any CPU
		{BE64C41A-04AE-4C10-BEF2-5D10DAE51AF0}.Release|Any CPU.Build.0 = Release|Any CPU
	EndGlobalSection
	GlobalSection(SolutionProperties) = preSolution
		HideSolutionNode = FALSE
	EndGlobalSection
	GlobalSection(ExtensibilityGlobals) = postSolution
		SolutionGuid = {D0B6D5D5-B196-4388-91E4-F2A58986A784}
	EndGlobalSection
EndGlobal
