
Microsoft Visual Studio Solution File, Format Version 12.00
# Visual Studio Version 17
VisualStudioVersion = 17.7.34031.279
MinimumVisualStudioVersion = 10.0.40219.1
Project("{FAE04EC0-301F-11D3-BF4B-00C04F79EFBC}") = "Exercise6", "Exercise6\Exercise6.csproj", "{0572DFDB-0F51-4221-AD13-EABC821AD696}"
EndProject
Global
	GlobalSection(SolutionConfigurationPlatforms) = preSolution
		Debug|Any CPU = Debug|Any CPU
		Release|Any CPU = Release|Any CPU
	EndGlobalSection
	GlobalSection(ProjectConfigurationPlatforms) = postSolution
		{0572DFDB-0F51-4221-AD13-EABC821AD696}.Debug|Any CPU.ActiveCfg = Debug|Any CPU
		{0572DFDB-0F51-4221-AD13-EABC821AD696}.Debug|Any CPU.Build.0 = Debug|Any CPU
		{0572DFDB-0F51-4221-AD13-EABC821AD696}.Release|Any CPU.ActiveCfg = Release|Any CPU
		{0572DFDB-0F51-4221-AD13-EABC821AD696}.Release|Any CPU.Build.0 = Release|Any CPU
	EndGlobalSection
	GlobalSection(SolutionProperties) = preSolution
		HideSolutionNode = FALSE
	EndGlobalSection
	GlobalSection(ExtensibilityGlobals) = postSolution
		SolutionGuid = {B26F368F-2FAD-4F39-97F6-A827A92281E5}
	EndGlobalSection
EndGlobal
